
Microsoft Visual Studio Solution File, Format Version 12.00
# Visual Studio 15
VisualStudioVersion = 15.0.26430.15
MinimumVisualStudioVersion = 10.0.40219.1
Project("{2150E333-8FDC-42A3-9474-1A3956D46DE8}") = "Solution Items", "Solution Items", "{10045308-7C73-47BF-BFA0-03907AE7CDA3}"
	ProjectSection(SolutionItems) = preProject
		..\..\test\global.json = ..\..\test\global.json
	EndProjectSection
EndProject
Project("{9A19103F-16F7-4668-BE54-9A1E7A4F7556}") = "pugzor.core", "src\pugzor.core\pugzor.core.csproj", "{DD3DE4F2-CF16-4EF5-A259-D28FA1E799FC}"
EndProject
Project("{9A19103F-16F7-4668-BE54-9A1E7A4F7556}") = "pugzore.website", "test\pugzore.website\pugzore.website.csproj", "{0D2A4C50-2926-4AB4-896E-B979AFAB98B6}"
EndProject
Project("{9A19103F-16F7-4668-BE54-9A1E7A4F7556}") = "Pugzor.UnitTests", "test\Pugzor.UnitTests\Pugzor.UnitTests.csproj", "{3CADAB17-DF8D-4444-BFA5-49CC8072F785}"
EndProject
Global
	GlobalSection(SolutionConfigurationPlatforms) = preSolution
		Debug|Any CPU = Debug|Any CPU
		Release|Any CPU = Release|Any CPU
	EndGlobalSection
	GlobalSection(ProjectConfigurationPlatforms) = postSolution
		{DD3DE4F2-CF16-4EF5-A259-D28FA1E799FC}.Debug|Any CPU.ActiveCfg = Debug|Any CPU
		{DD3DE4F2-CF16-4EF5-A259-D28FA1E799FC}.Debug|Any CPU.Build.0 = Debug|Any CPU
		{DD3DE4F2-CF16-4EF5-A259-D28FA1E799FC}.Release|Any CPU.ActiveCfg = Release|Any CPU
		{DD3DE4F2-CF16-4EF5-A259-D28FA1E799FC}.Release|Any CPU.Build.0 = Release|Any CPU
		{0D2A4C50-2926-4AB4-896E-B979AFAB98B6}.Debug|Any CPU.ActiveCfg = Debug|Any CPU
		{0D2A4C50-2926-4AB4-896E-B979AFAB98B6}.Debug|Any CPU.Build.0 = Debug|Any CPU
		{0D2A4C50-2926-4AB4-896E-B979AFAB98B6}.Release|Any CPU.ActiveCfg = Release|Any CPU
		{0D2A4C50-2926-4AB4-896E-B979AFAB98B6}.Release|Any CPU.Build.0 = Release|Any CPU
		{3CADAB17-DF8D-4444-BFA5-49CC8072F785}.Debug|Any CPU.ActiveCfg = Debug|Any CPU
		{3CADAB17-DF8D-4444-BFA5-49CC8072F785}.Debug|Any CPU.Build.0 = Debug|Any CPU
		{3CADAB17-DF8D-4444-BFA5-49CC8072F785}.Release|Any CPU.ActiveCfg = Release|Any CPU
		{3CADAB17-DF8D-4444-BFA5-49CC8072F785}.Release|Any CPU.Build.0 = Release|Any CPU
	EndGlobalSection
	GlobalSection(SolutionProperties) = preSolution
		HideSolutionNode = FALSE
	EndGlobalSection
	GlobalSection(NestedProjects) = preSolution
		{DD3DE4F2-CF16-4EF5-A259-D28FA1E799FC} = {10045308-7C73-47BF-BFA0-03907AE7CDA3}
		{0D2A4C50-2926-4AB4-896E-B979AFAB98B6} = {10045308-7C73-47BF-BFA0-03907AE7CDA3}
		{3CADAB17-DF8D-4444-BFA5-49CC8072F785} = {10045308-7C73-47BF-BFA0-03907AE7CDA3}
	EndGlobalSection
EndGlobal
