
Microsoft Visual Studio Solution File, Format Version 12.00
# Visual Studio 14
VisualStudioVersion = 14.0.25420.1
MinimumVisualStudioVersion = 10.0.40219.1
Project("{2150E333-8FDC-42A3-9474-1A3956D46DE8}") = "Solution Items", "Solution Items", "{10045308-7C73-47BF-BFA0-03907AE7CDA3}"
	ProjectSection(SolutionItems) = preProject
		..\..\test\global.json = ..\..\test\global.json
	EndProjectSection
EndProject
Project("{8BB2217D-0F2D-49D1-97BC-3654ED321F3B}") = "pugzor.core", "src\pugzor.core\pugzor.core.xproj", "{DD3DE4F2-CF16-4EF5-A259-D28FA1E799FC}"
EndProject
Project("{8BB2217D-0F2D-49D1-97BC-3654ED321F3B}") = "pugzore.website", "test\pugzore.website\pugzore.website.xproj", "{0D2A4C50-2926-4AB4-896E-B979AFAB98B6}"
EndProject
Global
	GlobalSection(SolutionConfigurationPlatforms) = preSolution
		Debug|Any CPU = Debug|Any CPU
		Release|Any CPU = Release|Any CPU
	EndGlobalSection
	GlobalSection(ProjectConfigurationPlatforms) = postSolution
		{DD3DE4F2-CF16-4EF5-A259-D28FA1E799FC}.Debug|Any CPU.ActiveCfg = Debug|Any CPU
		{DD3DE4F2-CF16-4EF5-A259-D28FA1E799FC}.Debug|Any CPU.Build.0 = Debug|Any CPU
		{DD3DE4F2-CF16-4EF5-A259-D28FA1E799FC}.Release|Any CPU.ActiveCfg = Release|Any CPU
		{DD3DE4F2-CF16-4EF5-A259-D28FA1E799FC}.Release|Any CPU.Build.0 = Release|Any CPU
		{0D2A4C50-2926-4AB4-896E-B979AFAB98B6}.Debug|Any CPU.ActiveCfg = Debug|Any CPU
		{0D2A4C50-2926-4AB4-896E-B979AFAB98B6}.Debug|Any CPU.Build.0 = Debug|Any CPU
		{0D2A4C50-2926-4AB4-896E-B979AFAB98B6}.Release|Any CPU.ActiveCfg = Release|Any CPU
		{0D2A4C50-2926-4AB4-896E-B979AFAB98B6}.Release|Any CPU.Build.0 = Release|Any CPU
	EndGlobalSection
	GlobalSection(SolutionProperties) = preSolution
		HideSolutionNode = FALSE
	EndGlobalSection
	GlobalSection(NestedProjects) = preSolution
		{DD3DE4F2-CF16-4EF5-A259-D28FA1E799FC} = {10045308-7C73-47BF-BFA0-03907AE7CDA3}
		{0D2A4C50-2926-4AB4-896E-B979AFAB98B6} = {10045308-7C73-47BF-BFA0-03907AE7CDA3}
	EndGlobalSection
EndGlobal
